
Microsoft Visual Studio Solution File, Format Version 12.00
# Visual Studio Version 16
VisualStudioVersion = 16.0.33529.622
MinimumVisualStudioVersion = 10.0.40219.1
Project("{FAE04EC0-301F-11D3-BF4B-00C04F79EFBC}") = "FINAL_AutoBodyShop", "FINAL_AutoBodyShop\FINAL_AutoBodyShop.csproj", "{DE65984C-AD88-4EA9-BB4C-662B39EC2266}"
EndProject
Global
	GlobalSection(SolutionConfigurationPlatforms) = preSolution
		Debug|Any CPU = Debug|Any CPU
		Release|Any CPU = Release|Any CPU
	EndGlobalSection
	GlobalSection(ProjectConfigurationPlatforms) = postSolution
		{DE65984C-AD88-4EA9-BB4C-662B39EC2266}.Debug|Any CPU.ActiveCfg = Debug|Any CPU
		{DE65984C-AD88-4EA9-BB4C-662B39EC2266}.Debug|Any CPU.Build.0 = Debug|Any CPU
		{DE65984C-AD88-4EA9-BB4C-662B39EC2266}.Release|Any CPU.ActiveCfg = Release|Any CPU
		{DE65984C-AD88-4EA9-BB4C-662B39EC2266}.Release|Any CPU.Build.0 = Release|Any CPU
	EndGlobalSection
	GlobalSection(SolutionProperties) = preSolution
		HideSolutionNode = FALSE
	EndGlobalSection
	GlobalSection(ExtensibilityGlobals) = postSolution
		SolutionGuid = {BF53A830-632E-4E63-AF3E-0E7DB4D44377}
	EndGlobalSection
EndGlobal
